{
  "version": 4,
  "terraform_version": "1.3.7",
  "serial": 134,
  "lineage": "b4b7ca3d-3740-bdec-6cd4-afe583cc79f0",
  "outputs": {},
  "resources": [
    {
      "mode": "managed",
      "type": "azurerm_linux_virtual_machine",
      "name": "mtc-vm",
      "provider": "provider[\"registry.terraform.io/hashicorp/azurerm\"]",
      "instances": [
        {
          "schema_version": 0,
          "attributes": {
            "additional_capabilities": [],
            "admin_password": null,
            "admin_ssh_key": [
              {
                "public_key": "ssh-rsa AAAAB3NzaC1yc2EAAAADAQABAAABgQClgdKQ+BPY7S07V0OAqMWzU2pK7wxEtq7MmKTh6G6dyQvSRaUamsHng7E6173xVT8/5rb4i4Nso+FFouCExJGJsWc1AQgP+gBzELWIS6jPb8LcY94kOBmGyUg3gKvPJcA4k467XzfeiMGej3y6m0dde/3OxbaYwsnjkpT+73HaX9t3VgVQ4nugrW+FGggVdB3wwjIAeQuacDNPx/nWf9OcBQMo8r+w9PwHRf7X599GNsYP3VUKgsRT5KGwCKCXpReIsfYVh6NGKzHnVtItROUxNUOHZxV6+dsoIfGiMp4cZc4Xb7F08RHlTSqLHgy75vjfpK2iy6tgO3Yfg7ttk8IlnnWksWmm66D8xhllLGTdshs3yzyAE7SO20Od6SlTq0BXmIVV0tlunDhF76+D1U2IVuMk2rlHgNBOkK4u1p2pxlb0m1SuI0s4Oy+ThKVtiNPLlFH9YSBjZrLPPqFGnLZYn8w7ly/E9LdiIG0973wFw4r1/rXHuQpKspuEheDGTpU= bader@NIGHT\r\n",
                "username": "adminuser"
              }
            ],
            "admin_username": "adminuser",
            "allow_extension_operations": true,
            "availability_set_id": "",
            "boot_diagnostics": [],
            "computer_name": "tolu-vm",
            "custom_data": "IyEvYmluL2Jhc2gNCnN1ZG8gYXB0LWdldCBpbnN0YWxsIC15IFwNCiAgICBhcHQtdHJhbnNwb3J0LWh0dHBzIFwNCiAgICBjYS1jZXJ0aWZpY2F0ZXMgXA0KICAgIGN1cmwgXA0KICAgIHNvZnR3YXJlLXByb3BlcnRpZXMtY29tbW9uDQpjdXJsIC1mc1NMIGh0dHBzOi8vZG93bmxvYWQuZG9ja2VyLmNvbS9saW51eC91YnVudHUvZ3BnIHwgc3VkbyBhcHQta2V5IGFkZCAtDQpzdWRvIGFwdC1rZXkgZmluZ2VycHJpbnQgMEVCRkNEODgNCnN1ZG8gYWRkLWFwdC1yZXBvc2l0b3J5IFwNCiAgICJkZWIgW2FyY2g9YW1kNjRdIGh0dHBzOi8vZG93bmxvYWQuZG9ja2VyLmNvbS9saW51eC91YnVudHUgXA0KICAgJChsc2JfcmVsZWFzZSAtY3MpIFwNCiAgIHN0YWJsZSINCnN1ZG8gYXB0LWdldCB1cGRhdGUNCnN1ZG8gYXB0LWdldCBpbnN0YWxsIC15IGRvY2tlci1jZQ0Kc3VkbyBkb2NrZXIgcnVuIGhlbGxvLXdvcmxkDQojIExpbnV4IHBvc3QtaW5zdGFsbA0Kc3VkbyBncm91cGFkZCBkb2NrZXINCnN1ZG8gdXNlcm1vZCAtYUcgZG9ja2VyICRVU0VSDQpzdWRvIHN5c3RlbWN0bCBlbmFibGUgZG9ja2Vy",
            "dedicated_host_group_id": "",
            "dedicated_host_id": "",
            "disable_password_authentication": true,
            "edge_zone": "",
            "encryption_at_host_enabled": false,
            "eviction_policy": "",
            "extensions_time_budget": "PT1H30M",
            "id": "/subscriptions/94ef7e0d-8a3c-4de4-86b6-d248c4da35b0/resourceGroups/tolu-test/providers/Microsoft.Compute/virtualMachines/tolu-vm",
            "identity": [],
            "license_type": "",
            "location": "eastus",
            "max_bid_price": -1,
            "name": "tolu-vm",
            "network_interface_ids": [
              "/subscriptions/94ef7e0d-8a3c-4de4-86b6-d248c4da35b0/resourceGroups/tolu-test/providers/Microsoft.Network/networkInterfaces/tolu-nic"
            ],
            "os_disk": [
              {
                "caching": "ReadWrite",
                "diff_disk_settings": [],
                "disk_encryption_set_id": "",
                "disk_size_gb": 30,
                "name": "tolu-vm_OsDisk_1_50a058c193164e05aee23622f85f4df5",
                "storage_account_type": "Standard_LRS",
                "write_accelerator_enabled": false
              }
            ],
            "patch_mode": "ImageDefault",
            "plan": [],
            "platform_fault_domain": -1,
            "priority": "Regular",
            "private_ip_address": "10.123.1.4",
            "private_ip_addresses": [
              "10.123.1.4"
            ],
            "provision_vm_agent": true,
            "proximity_placement_group_id": "",
            "public_ip_address": "20.185.221.192",
            "public_ip_addresses": [
              "20.185.221.192"
            ],
            "resource_group_name": "tolu-test",
            "secret": [],
            "secure_boot_enabled": false,
            "size": "Standard_F2",
            "source_image_id": "",
            "source_image_reference": [
              {
                "offer": "UbuntuServer",
                "publisher": "Canonical",
                "sku": "16.04-LTS",
                "version": "latest"
              }
            ],
            "tags": {
              "environment": "dev"
            },
            "termination_notification": null,
            "timeouts": null,
            "user_data": "",
            "virtual_machine_id": "86c65edf-c135-47a9-a82a-1c4e4d42cfbf",
            "virtual_machine_scale_set_id": "",
            "vtpm_enabled": false,
            "zone": ""
          },
          "sensitive_attributes": [],
          "private": "eyJlMmJmYjczMC1lY2FhLTExZTYtOGY4OC0zNDM2M2JjN2M0YzAiOnsiY3JlYXRlIjoyNzAwMDAwMDAwMDAwLCJkZWxldGUiOjI3MDAwMDAwMDAwMDAsInJlYWQiOjMwMDAwMDAwMDAwMCwidXBkYXRlIjoyNzAwMDAwMDAwMDAwfX0=",
          "dependencies": [
            "azurerm_network_interface.mtc-nic",
            "azurerm_resource_group.mtc-rg"
          ]
        }
      ]
    },
    {
      "mode": "managed",
      "type": "azurerm_network_interface",
      "name": "mtc-nic",
      "provider": "provider[\"registry.terraform.io/hashicorp/azurerm\"]",
      "instances": [
        {
          "schema_version": 0,
          "attributes": {
            "applied_dns_servers": [],
            "dns_servers": [],
            "edge_zone": "",
            "enable_accelerated_networking": false,
            "enable_ip_forwarding": false,
            "id": "/subscriptions/94ef7e0d-8a3c-4de4-86b6-d248c4da35b0/resourceGroups/tolu-test/providers/Microsoft.Network/networkInterfaces/tolu-nic",
            "internal_dns_name_label": "",
            "internal_domain_name_suffix": "peutb04zrkrezdhuqmntd4wuna.bx.internal.cloudapp.net",
            "ip_configuration": [
              {
                "gateway_load_balancer_frontend_ip_configuration_id": "",
                "name": "internal",
                "primary": true,
                "private_ip_address": "10.123.1.4",
                "private_ip_address_allocation": "Dynamic",
                "private_ip_address_version": "IPv4",
                "public_ip_address_id": "/subscriptions/94ef7e0d-8a3c-4de4-86b6-d248c4da35b0/resourceGroups/tolu-test/providers/Microsoft.Network/publicIPAddresses/tolu-public",
                "subnet_id": "/subscriptions/94ef7e0d-8a3c-4de4-86b6-d248c4da35b0/resourceGroups/tolu-test/providers/Microsoft.Network/virtualNetworks/tolu-network/subnets/tolu-subnet"
              }
            ],
            "location": "eastus",
            "mac_address": "00-0D-3A-98-D3-F6",
            "name": "tolu-nic",
            "private_ip_address": "10.123.1.4",
            "private_ip_addresses": [
              "10.123.1.4"
            ],
            "resource_group_name": "tolu-test",
            "tags": {
              "environment": "dev"
            },
            "timeouts": null,
            "virtual_machine_id": "/subscriptions/94ef7e0d-8a3c-4de4-86b6-d248c4da35b0/resourceGroups/tolu-test/providers/Microsoft.Compute/virtualMachines/tolu-vm"
          },
          "sensitive_attributes": [],
          "private": "eyJlMmJmYjczMC1lY2FhLTExZTYtOGY4OC0zNDM2M2JjN2M0YzAiOnsiY3JlYXRlIjoxODAwMDAwMDAwMDAwLCJkZWxldGUiOjE4MDAwMDAwMDAwMDAsInJlYWQiOjMwMDAwMDAwMDAwMCwidXBkYXRlIjoxODAwMDAwMDAwMDAwfX0=",
          "dependencies": [
            "azurerm_public_ip.mtc-puplic",
            "azurerm_resource_group.mtc-rg",
            "azurerm_subnet.mtc-subnet",
            "azurerm_virtual_network.mtc-vn"
          ]
        }
      ]
    },
    {
      "mode": "managed",
      "type": "azurerm_network_security_group",
      "name": "mtc-sg",
      "provider": "provider[\"registry.terraform.io/hashicorp/azurerm\"]",
      "instances": [
        {
          "schema_version": 0,
          "attributes": {
            "id": "/subscriptions/94ef7e0d-8a3c-4de4-86b6-d248c4da35b0/resourceGroups/tolu-test/providers/Microsoft.Network/networkSecurityGroups/tolu-sg",
            "location": "eastus",
            "name": "tolu-sg",
            "resource_group_name": "tolu-test",
            "security_rule": [
              {
                "access": "Allow",
                "description": "",
                "destination_address_prefix": "*",
                "destination_address_prefixes": [],
                "destination_application_security_group_ids": [],
                "destination_port_range": "*",
                "destination_port_ranges": [],
                "direction": "Inbound",
                "name": "tolu-dev-rule",
                "priority": 100,
                "protocol": "*",
                "source_address_prefix": "*",
                "source_address_prefixes": [],
                "source_application_security_group_ids": [],
                "source_port_range": "*",
                "source_port_ranges": []
              }
            ],
            "tags": {
              "environment": "dev"
            },
            "timeouts": null
          },
          "sensitive_attributes": [],
          "private": "eyJlMmJmYjczMC1lY2FhLTExZTYtOGY4OC0zNDM2M2JjN2M0YzAiOnsiY3JlYXRlIjoxODAwMDAwMDAwMDAwLCJkZWxldGUiOjE4MDAwMDAwMDAwMDAsInJlYWQiOjMwMDAwMDAwMDAwMCwidXBkYXRlIjoxODAwMDAwMDAwMDAwfX0=",
          "dependencies": [
            "azurerm_resource_group.mtc-rg"
          ]
        }
      ]
    },
    {
      "mode": "managed",
      "type": "azurerm_network_security_rule",
      "name": "mtc-dev-rule",
      "provider": "provider[\"registry.terraform.io/hashicorp/azurerm\"]",
      "instances": [
        {
          "schema_version": 0,
          "attributes": {
            "access": "Allow",
            "description": "",
            "destination_address_prefix": "*",
            "destination_address_prefixes": [],
            "destination_application_security_group_ids": [],
            "destination_port_range": "*",
            "destination_port_ranges": [],
            "direction": "Inbound",
            "id": "/subscriptions/94ef7e0d-8a3c-4de4-86b6-d248c4da35b0/resourceGroups/tolu-test/providers/Microsoft.Network/networkSecurityGroups/tolu-sg/securityRules/tolu-dev-rule",
            "name": "tolu-dev-rule",
            "network_security_group_name": "tolu-sg",
            "priority": 100,
            "protocol": "*",
            "resource_group_name": "tolu-test",
            "source_address_prefix": "*",
            "source_address_prefixes": [],
            "source_application_security_group_ids": [],
            "source_port_range": "*",
            "source_port_ranges": [],
            "timeouts": null
          },
          "sensitive_attributes": [],
          "private": "eyJlMmJmYjczMC1lY2FhLTExZTYtOGY4OC0zNDM2M2JjN2M0YzAiOnsiY3JlYXRlIjoxODAwMDAwMDAwMDAwLCJkZWxldGUiOjE4MDAwMDAwMDAwMDAsInJlYWQiOjMwMDAwMDAwMDAwMCwidXBkYXRlIjoxODAwMDAwMDAwMDAwfX0=",
          "dependencies": [
            "azurerm_network_security_group.mtc-sg",
            "azurerm_resource_group.mtc-rg"
          ]
        }
      ]
    },
    {
      "mode": "managed",
      "type": "azurerm_public_ip",
      "name": "mtc-puplic",
      "provider": "provider[\"registry.terraform.io/hashicorp/azurerm\"]",
      "instances": [
        {
          "schema_version": 0,
          "attributes": {
            "allocation_method": "Dynamic",
            "domain_name_label": null,
            "edge_zone": "",
            "fqdn": null,
            "id": "/subscriptions/94ef7e0d-8a3c-4de4-86b6-d248c4da35b0/resourceGroups/tolu-test/providers/Microsoft.Network/publicIPAddresses/tolu-public",
            "idle_timeout_in_minutes": 4,
            "ip_address": "20.172.139.4",
            "ip_tags": {},
            "ip_version": "IPv4",
            "location": "eastus",
            "name": "tolu-public",
            "public_ip_prefix_id": null,
            "resource_group_name": "tolu-test",
            "reverse_fqdn": null,
            "sku": "Basic",
            "sku_tier": "Regional",
            "tags": {
              "environment": "dev"
            },
            "timeouts": null,
            "zones": []
          },
          "sensitive_attributes": [],
          "private": "eyJlMmJmYjczMC1lY2FhLTExZTYtOGY4OC0zNDM2M2JjN2M0YzAiOnsiY3JlYXRlIjoxODAwMDAwMDAwMDAwLCJkZWxldGUiOjE4MDAwMDAwMDAwMDAsInJlYWQiOjMwMDAwMDAwMDAwMCwidXBkYXRlIjoxODAwMDAwMDAwMDAwfX0=",
          "dependencies": [
            "azurerm_resource_group.mtc-rg"
          ]
        }
      ]
    },
    {
      "mode": "managed",
      "type": "azurerm_resource_group",
      "name": "mtc-rg",
      "provider": "provider[\"registry.terraform.io/hashicorp/azurerm\"]",
      "instances": [
        {
          "schema_version": 0,
          "attributes": {
            "id": "/subscriptions/94ef7e0d-8a3c-4de4-86b6-d248c4da35b0/resourceGroups/tolu-test",
            "location": "eastus",
            "name": "tolu-test",
            "tags": {
              "environment": "dev"
            },
            "timeouts": null
          },
          "sensitive_attributes": [],
          "private": "eyJlMmJmYjczMC1lY2FhLTExZTYtOGY4OC0zNDM2M2JjN2M0YzAiOnsiY3JlYXRlIjo1NDAwMDAwMDAwMDAwLCJkZWxldGUiOjU0MDAwMDAwMDAwMDAsInJlYWQiOjMwMDAwMDAwMDAwMCwidXBkYXRlIjo1NDAwMDAwMDAwMDAwfX0="
        }
      ]
    },
    {
      "mode": "managed",
      "type": "azurerm_subnet",
      "name": "mtc-subnet",
      "provider": "provider[\"registry.terraform.io/hashicorp/azurerm\"]",
      "instances": [
        {
          "schema_version": 0,
          "attributes": {
            "address_prefixes": [
              "10.123.1.0/24"
            ],
            "delegation": [],
            "enforce_private_link_endpoint_network_policies": false,
            "enforce_private_link_service_network_policies": false,
            "id": "/subscriptions/94ef7e0d-8a3c-4de4-86b6-d248c4da35b0/resourceGroups/tolu-test/providers/Microsoft.Network/virtualNetworks/tolu-network/subnets/tolu-subnet",
            "name": "tolu-subnet",
            "resource_group_name": "tolu-test",
            "service_endpoint_policy_ids": [],
            "service_endpoints": [],
            "timeouts": null,
            "virtual_network_name": "tolu-network"
          },
          "sensitive_attributes": [],
          "private": "eyJlMmJmYjczMC1lY2FhLTExZTYtOGY4OC0zNDM2M2JjN2M0YzAiOnsiY3JlYXRlIjoxODAwMDAwMDAwMDAwLCJkZWxldGUiOjE4MDAwMDAwMDAwMDAsInJlYWQiOjMwMDAwMDAwMDAwMCwidXBkYXRlIjoxODAwMDAwMDAwMDAwfX0=",
          "dependencies": [
            "azurerm_resource_group.mtc-rg",
            "azurerm_virtual_network.mtc-vn"
          ]
        }
      ]
    },
    {
      "mode": "managed",
      "type": "azurerm_subnet_network_security_group_association",
      "name": "mtc-subnet-security-association",
      "provider": "provider[\"registry.terraform.io/hashicorp/azurerm\"]",
      "instances": [
        {
          "schema_version": 0,
          "attributes": {
            "id": "/subscriptions/94ef7e0d-8a3c-4de4-86b6-d248c4da35b0/resourceGroups/tolu-test/providers/Microsoft.Network/virtualNetworks/tolu-network/subnets/tolu-subnet",
            "network_security_group_id": "/subscriptions/94ef7e0d-8a3c-4de4-86b6-d248c4da35b0/resourceGroups/tolu-test/providers/Microsoft.Network/networkSecurityGroups/tolu-sg",
            "subnet_id": "/subscriptions/94ef7e0d-8a3c-4de4-86b6-d248c4da35b0/resourceGroups/tolu-test/providers/Microsoft.Network/virtualNetworks/tolu-network/subnets/tolu-subnet",
            "timeouts": null
          },
          "sensitive_attributes": [],
          "private": "eyJlMmJmYjczMC1lY2FhLTExZTYtOGY4OC0zNDM2M2JjN2M0YzAiOnsiY3JlYXRlIjoxODAwMDAwMDAwMDAwLCJkZWxldGUiOjE4MDAwMDAwMDAwMDAsInJlYWQiOjMwMDAwMDAwMDAwMCwidXBkYXRlIjoxODAwMDAwMDAwMDAwfX0=",
          "dependencies": [
            "azurerm_network_security_group.mtc-sg",
            "azurerm_resource_group.mtc-rg",
            "azurerm_subnet.mtc-subnet",
            "azurerm_virtual_network.mtc-vn"
          ]
        }
      ]
    },
    {
      "mode": "managed",
      "type": "azurerm_virtual_network",
      "name": "mtc-vn",
      "provider": "provider[\"registry.terraform.io/hashicorp/azurerm\"]",
      "instances": [
        {
          "schema_version": 0,
          "attributes": {
            "address_space": [
              "10.123.0.0/16"
            ],
            "bgp_community": "",
            "ddos_protection_plan": [],
            "dns_servers": [],
            "edge_zone": "",
            "flow_timeout_in_minutes": 0,
            "guid": "eb302979-8ad9-4ca2-8cf4-831b31fad468",
            "id": "/subscriptions/94ef7e0d-8a3c-4de4-86b6-d248c4da35b0/resourceGroups/tolu-test/providers/Microsoft.Network/virtualNetworks/tolu-network",
            "location": "eastus",
            "name": "tolu-network",
            "resource_group_name": "tolu-test",
            "subnet": [
              {
                "address_prefix": "10.123.1.0/24",
                "id": "/subscriptions/94ef7e0d-8a3c-4de4-86b6-d248c4da35b0/resourceGroups/tolu-test/providers/Microsoft.Network/virtualNetworks/tolu-network/subnets/tolu-subnet",
                "name": "tolu-subnet",
                "security_group": "/subscriptions/94ef7e0d-8a3c-4de4-86b6-d248c4da35b0/resourceGroups/tolu-test/providers/Microsoft.Network/networkSecurityGroups/tolu-sg"
              }
            ],
            "tags": {
              "environment": "dev"
            },
            "timeouts": null
          },
          "sensitive_attributes": [],
          "private": "eyJlMmJmYjczMC1lY2FhLTExZTYtOGY4OC0zNDM2M2JjN2M0YzAiOnsiY3JlYXRlIjoxODAwMDAwMDAwMDAwLCJkZWxldGUiOjE4MDAwMDAwMDAwMDAsInJlYWQiOjMwMDAwMDAwMDAwMCwidXBkYXRlIjoxODAwMDAwMDAwMDAwfX0=",
          "dependencies": [
            "azurerm_resource_group.mtc-rg"
          ]
        }
      ]
    }
  ],
  "check_results": null
}
